
Microsoft Visual Studio Solution File, Format Version 12.00
# Visual Studio 15
VisualStudioVersion = 15.0.28010.2041
MinimumVisualStudioVersion = 10.0.40219.1
Project("{FAE04EC0-301F-11D3-BF4B-00C04F79EFBC}") = "Busqueda Hash", "Busqueda Hash\Busqueda Hash.csproj", "{E8CAA7C7-805C-4E05-8E19-539F608E7C51}"
EndProject
Global
	GlobalSection(SolutionConfigurationPlatforms) = preSolution
		Debug|Any CPU = Debug|Any CPU
		Release|Any CPU = Release|Any CPU
	EndGlobalSection
	GlobalSection(ProjectConfigurationPlatforms) = postSolution
		{E8CAA7C7-805C-4E05-8E19-539F608E7C51}.Debug|Any CPU.ActiveCfg = Debug|Any CPU
		{E8CAA7C7-805C-4E05-8E19-539F608E7C51}.Debug|Any CPU.Build.0 = Debug|Any CPU
		{E8CAA7C7-805C-4E05-8E19-539F608E7C51}.Release|Any CPU.ActiveCfg = Release|Any CPU
		{E8CAA7C7-805C-4E05-8E19-539F608E7C51}.Release|Any CPU.Build.0 = Release|Any CPU
	EndGlobalSection
	GlobalSection(SolutionProperties) = preSolution
		HideSolutionNode = FALSE
	EndGlobalSection
	GlobalSection(ExtensibilityGlobals) = postSolution
		SolutionGuid = {6E933E14-8F2C-471D-92BF-5B1ADE3D7AA1}
	EndGlobalSection
EndGlobal
