
Microsoft Visual Studio Solution File, Format Version 12.00
# Visual Studio 15
VisualStudioVersion = 15.0.28010.2041
MinimumVisualStudioVersion = 10.0.40219.1
Project("{FAE04EC0-301F-11D3-BF4B-00C04F79EFBC}") = "Busqueda Binaria", "Busqueda Binaria\Busqueda Binaria.csproj", "{2D627234-9944-41EC-9772-04F1F2410748}"
EndProject
Global
	GlobalSection(SolutionConfigurationPlatforms) = preSolution
		Debug|Any CPU = Debug|Any CPU
		Release|Any CPU = Release|Any CPU
	EndGlobalSection
	GlobalSection(ProjectConfigurationPlatforms) = postSolution
		{2D627234-9944-41EC-9772-04F1F2410748}.Debug|Any CPU.ActiveCfg = Debug|Any CPU
		{2D627234-9944-41EC-9772-04F1F2410748}.Debug|Any CPU.Build.0 = Debug|Any CPU
		{2D627234-9944-41EC-9772-04F1F2410748}.Release|Any CPU.ActiveCfg = Release|Any CPU
		{2D627234-9944-41EC-9772-04F1F2410748}.Release|Any CPU.Build.0 = Release|Any CPU
	EndGlobalSection
	GlobalSection(SolutionProperties) = preSolution
		HideSolutionNode = FALSE
	EndGlobalSection
	GlobalSection(ExtensibilityGlobals) = postSolution
		SolutionGuid = {EAD8FB97-BEE7-4EBC-A50E-3942858DC02F}
	EndGlobalSection
EndGlobal
